{
  "originHash" : "9c13149c450ee81978dbe47798874e2de5baf63e3894dbc76330188ee8d55658",
  "pins" : [
    {
      "identity" : "lottie-ios",
      "kind" : "remoteSourceControl",
      "location" : "https://github.com/airbnb/lottie-ios",
      "state" : {
        "revision" : "769b88d83a42ca8d5572b020c96f47e3690b3796",
        "version" : "4.4.3"
      }
    },
    {
      "identity" : "swiftfulrecursiveui",
      "kind" : "remoteSourceControl",
      "location" : "https://github.com/SwiftfulThinking/SwiftfulRecursiveUI.git",
      "state" : {
        "revision" : "3d2d5ac6efe70874fb5ffb2f8e1d5ccd457f4366",
        "version" : "1.0.2"
      }
    },
    {
      "identity" : "swiftfului",
      "kind" : "remoteSourceControl",
      "location" : "https://github.com/SwiftfulThinking/SwiftfulUI.git",
      "state" : {
        "revision" : "7e6e2d1c29d05e1519f2f5a2ce6012fe4e4dfa19",
        "version" : "1.2.0"
      }
    }
  ],
  "version" : 3
}
