// !$*UTF8*$!
{
	archiveVersion = 1;
	classes = {
	};
	objectVersion = 56;
	objects = {

/* Begin PBXBuildFile section */
		F844BF142DA6FF25003FB214 /* LvL_upApp.swift in Sources */ = {isa = PBXBuildFile; fileRef = F844BF132DA6FF25003FB214 /* LvL_upApp.swift */; };
		F844BF182DA6FF29003FB214 /* Assets.xcassets in Resources */ = {isa = PBXBuildFile; fileRef = F844BF172DA6FF29003FB214 /* Assets.xcassets */; };
		F844BF1B2DA6FF29003FB214 /* Preview Assets.xcassets in Resources */ = {isa = PBXBuildFile; fileRef = F844BF1A2DA6FF29003FB214 /* Preview Assets.xcassets */; };
		F844BF1D2DA6FF29003FB214 /* Persistence.swift in Sources */ = {isa = PBXBuildFile; fileRef = F844BF1C2DA6FF29003FB214 /* Persistence.swift */; };
		F844BF202DA6FF29003FB214 /* LvL_up.xcdatamodeld in Sources */ = {isa = PBXBuildFile; fileRef = F844BF1E2DA6FF29003FB214 /* LvL_up.xcdatamodeld */; };
		F844BF342DA6FF29003FB214 /* LvL_upUITests.swift in Sources */ = {isa = PBXBuildFile; fileRef = F844BF332DA6FF29003FB214 /* LvL_upUITests.swift */; };
		F844BF362DA6FF29003FB214 /* LvL_upUITestsLaunchTests.swift in Sources */ = {isa = PBXBuildFile; fileRef = F844BF352DA6FF29003FB214 /* LvL_upUITestsLaunchTests.swift */; };
		F844BF482DA70179003FB214 /* MainLvLView.swift in Sources */ = {isa = PBXBuildFile; fileRef = F844BF472DA70179003FB214 /* MainLvLView.swift */; };
		F844BF4C2DA704AF003FB214 /* SwiftfulUI in Frameworks */ = {isa = PBXBuildFile; productRef = F844BF4B2DA704AF003FB214 /* SwiftfulUI */; };
		F844BF4E2DA709A4003FB214 /* MainLvLPresenter.swift in Sources */ = {isa = PBXBuildFile; fileRef = F844BF4D2DA709A4003FB214 /* MainLvLPresenter.swift */; };
		F844BF502DA70A40003FB214 /* LvL.swift in Sources */ = {isa = PBXBuildFile; fileRef = F844BF4F2DA70A40003FB214 /* LvL.swift */; };
		F844BF532DA70E62003FB214 /* TaskCell.swift in Sources */ = {isa = PBXBuildFile; fileRef = F844BF522DA70E62003FB214 /* TaskCell.swift */; };
		F844BF582DA711FE003FB214 /* TasksView.swift in Sources */ = {isa = PBXBuildFile; fileRef = F844BF572DA711FE003FB214 /* TasksView.swift */; };
		F844BF5D2DA80768003FB214 /* SwiftfulUI in Frameworks */ = {isa = PBXBuildFile; productRef = F844BF5C2DA80768003FB214 /* SwiftfulUI */; };
		F844BF5F2DA8076D003FB214 /* SwiftfulUI in Frameworks */ = {isa = PBXBuildFile; productRef = F844BF5E2DA8076D003FB214 /* SwiftfulUI */; };
		F844BF612DA87D7D003FB214 /* CoreDataManager.swift in Sources */ = {isa = PBXBuildFile; fileRef = F844BF602DA87D7D003FB214 /* CoreDataManager.swift */; };
		F844BF642DA87F33003FB214 /* LvLDataProvider.swift in Sources */ = {isa = PBXBuildFile; fileRef = F844BF632DA87F33003FB214 /* LvLDataProvider.swift */; };
		F844BF662DA95B60003FB214 /* MainLvLInteractor.swift in Sources */ = {isa = PBXBuildFile; fileRef = F844BF652DA95B60003FB214 /* MainLvLInteractor.swift */; };
		F844BF692DA9A1DC003FB214 /* MainLvLPresenterTests.swift in Sources */ = {isa = PBXBuildFile; fileRef = F844BF682DA9A1DC003FB214 /* MainLvLPresenterTests.swift */; };
		F844BF6B2DA9A2CE003FB214 /* MainLvLInteractorTests.swift in Sources */ = {isa = PBXBuildFile; fileRef = F844BF6A2DA9A2CE003FB214 /* MainLvLInteractorTests.swift */; };
		F844BF6D2DA9A50A003FB214 /* LvLTests.swift in Sources */ = {isa = PBXBuildFile; fileRef = F844BF6C2DA9A50A003FB214 /* LvLTests.swift */; };
		F844BF702DA9A8D5003FB214 /* CoreDataManagerTests.swift in Sources */ = {isa = PBXBuildFile; fileRef = F844BF6F2DA9A8D5003FB214 /* CoreDataManagerTests.swift */; };
		F844BF752DAA896B003FB214 /* TaskDataProvider.swift in Sources */ = {isa = PBXBuildFile; fileRef = F844BF742DAA896B003FB214 /* TaskDataProvider.swift */; };
		F844BF772DAA8C76003FB214 /* DailyTask.swift in Sources */ = {isa = PBXBuildFile; fileRef = F844BF762DAA8C76003FB214 /* DailyTask.swift */; };
		F844BF792DAA8D02003FB214 /* TaskInteractor.swift in Sources */ = {isa = PBXBuildFile; fileRef = F844BF782DAA8D02003FB214 /* TaskInteractor.swift */; };
		F844BF7B2DAA8F50003FB214 /* TaskPresenter.swift in Sources */ = {isa = PBXBuildFile; fileRef = F844BF7A2DAA8F50003FB214 /* TaskPresenter.swift */; };
		F844BF812DAC2C99003FB214 /* DailyTaskTests.swift in Sources */ = {isa = PBXBuildFile; fileRef = F844BF802DAC2C99003FB214 /* DailyTaskTests.swift */; };
		F844BF832DAC2CB6003FB214 /* TaskInteractorTests.swift in Sources */ = {isa = PBXBuildFile; fileRef = F844BF822DAC2CB6003FB214 /* TaskInteractorTests.swift */; };
		F844BF852DAC2CD7003FB214 /* TaskPresenterTests.swift in Sources */ = {isa = PBXBuildFile; fileRef = F844BF842DAC2CD7003FB214 /* TaskPresenterTests.swift */; };
		F844BF882DAC6148003FB214 /* CustomTabBarContainerView.swift in Sources */ = {isa = PBXBuildFile; fileRef = F844BF872DAC6148003FB214 /* CustomTabBarContainerView.swift */; };
		F844BF8A2DAC616E003FB214 /* CustomTabBarView.swift in Sources */ = {isa = PBXBuildFile; fileRef = F844BF892DAC616E003FB214 /* CustomTabBarView.swift */; };
		F844BF8C2DAC6190003FB214 /* TabBarItem.swift in Sources */ = {isa = PBXBuildFile; fileRef = F844BF8B2DAC6190003FB214 /* TabBarItem.swift */; };
		F844BF8E2DAC61C3003FB214 /* TabBarItemsPreferenceKey.swift in Sources */ = {isa = PBXBuildFile; fileRef = F844BF8D2DAC61C3003FB214 /* TabBarItemsPreferenceKey.swift */; };
		F844BF902DAC647D003FB214 /* HomeView.swift in Sources */ = {isa = PBXBuildFile; fileRef = F844BF8F2DAC647D003FB214 /* HomeView.swift */; };
		F844BF932DAC68AA003FB214 /* Color.swift in Sources */ = {isa = PBXBuildFile; fileRef = F844BF922DAC68AA003FB214 /* Color.swift */; };
		F844BF962DAF0FBA003FB214 /* AllTaskView.swift in Sources */ = {isa = PBXBuildFile; fileRef = F844BF952DAF0FBA003FB214 /* AllTaskView.swift */; };
		F844BF982DAF0FF7003FB214 /* AllTaskPresenter.swift in Sources */ = {isa = PBXBuildFile; fileRef = F844BF972DAF0FF7003FB214 /* AllTaskPresenter.swift */; };
		F844BF9B2DAF1562003FB214 /* TestView.swift in Sources */ = {isa = PBXBuildFile; fileRef = F844BF9A2DAF1562003FB214 /* TestView.swift */; };
		F844BF9E2DAF1F0C003FB214 /* AllTaskCell.swift in Sources */ = {isa = PBXBuildFile; fileRef = F844BF9D2DAF1F0C003FB214 /* AllTaskCell.swift */; };
		F844BFA02DAF1FFA003FB214 /* AllDailyTask.swift in Sources */ = {isa = PBXBuildFile; fileRef = F844BF9F2DAF1FF9003FB214 /* AllDailyTask.swift */; };
		F844BFA42DC2DB43003FB214 /* ChartCell.swift in Sources */ = {isa = PBXBuildFile; fileRef = F844BFA32DC2DB43003FB214 /* ChartCell.swift */; };
		F844BFAB2DC2E5E8003FB214 /* PieChartView.swift in Sources */ = {isa = PBXBuildFile; fileRef = F844BFAA2DC2E5E8003FB214 /* PieChartView.swift */; };
		F844BFAD2DC2E608003FB214 /* PieSliceView.swift in Sources */ = {isa = PBXBuildFile; fileRef = F844BFAC2DC2E608003FB214 /* PieSliceView.swift */; };
		F844BFAF2DC3A791003FB214 /* ChartsView.swift in Sources */ = {isa = PBXBuildFile; fileRef = F844BFAE2DC3A791003FB214 /* ChartsView.swift */; };
		F844BFB12DC3AD56003FB214 /* LegendView.swift in Sources */ = {isa = PBXBuildFile; fileRef = F844BFB02DC3AD56003FB214 /* LegendView.swift */; };
		F844BFB32DC3B411003FB214 /* Statistics.swift in Sources */ = {isa = PBXBuildFile; fileRef = F844BFB22DC3B411003FB214 /* Statistics.swift */; };
		F844BFB62DC42266003FB214 /* ChartsPresenter.swift in Sources */ = {isa = PBXBuildFile; fileRef = F844BFB52DC42266003FB214 /* ChartsPresenter.swift */; };
		F844BFB82DC42279003FB214 /* ChartsInteractor.swift in Sources */ = {isa = PBXBuildFile; fileRef = F844BFB72DC42279003FB214 /* ChartsInteractor.swift */; };
		F844BFBC2DC422FA003FB214 /* ChartsDataProvider.swift in Sources */ = {isa = PBXBuildFile; fileRef = F844BFBB2DC422FA003FB214 /* ChartsDataProvider.swift */; };
		F844BFBE2DC42329003FB214 /* APIManager.swift in Sources */ = {isa = PBXBuildFile; fileRef = F844BFBD2DC42329003FB214 /* APIManager.swift */; };
/* End PBXBuildFile section */

/* Begin PBXContainerItemProxy section */
		F844BF262DA6FF29003FB214 /* PBXContainerItemProxy */ = {
			isa = PBXContainerItemProxy;
			containerPortal = F844BF082DA6FF24003FB214 /* Project object */;
			proxyType = 1;
			remoteGlobalIDString = F844BF0F2DA6FF24003FB214;
			remoteInfo = "LvL-up";
		};
		F844BF302DA6FF29003FB214 /* PBXContainerItemProxy */ = {
			isa = PBXContainerItemProxy;
			containerPortal = F844BF082DA6FF24003FB214 /* Project object */;
			proxyType = 1;
			remoteGlobalIDString = F844BF0F2DA6FF24003FB214;
			remoteInfo = "LvL-up";
		};
/* End PBXContainerItemProxy section */

/* Begin PBXFileReference section */
		F844BF102DA6FF24003FB214 /* LvL-up.app */ = {isa = PBXFileReference; explicitFileType = wrapper.application; includeInIndex = 0; path = "LvL-up.app"; sourceTree = BUILT_PRODUCTS_DIR; };
		F844BF132DA6FF25003FB214 /* LvL_upApp.swift */ = {isa = PBXFileReference; lastKnownFileType = sourcecode.swift; path = LvL_upApp.swift; sourceTree = "<group>"; };
		F844BF172DA6FF29003FB214 /* Assets.xcassets */ = {isa = PBXFileReference; lastKnownFileType = folder.assetcatalog; path = Assets.xcassets; sourceTree = "<group>"; };
		F844BF1A2DA6FF29003FB214 /* Preview Assets.xcassets */ = {isa = PBXFileReference; lastKnownFileType = folder.assetcatalog; path = "Preview Assets.xcassets"; sourceTree = "<group>"; };
		F844BF1C2DA6FF29003FB214 /* Persistence.swift */ = {isa = PBXFileReference; lastKnownFileType = sourcecode.swift; path = Persistence.swift; sourceTree = "<group>"; };
		F844BF1F2DA6FF29003FB214 /* LvL_up.xcdatamodel */ = {isa = PBXFileReference; lastKnownFileType = wrapper.xcdatamodel; path = LvL_up.xcdatamodel; sourceTree = "<group>"; };
		F844BF252DA6FF29003FB214 /* LvL-upTests.xctest */ = {isa = PBXFileReference; explicitFileType = wrapper.cfbundle; includeInIndex = 0; path = "LvL-upTests.xctest"; sourceTree = BUILT_PRODUCTS_DIR; };
		F844BF2F2DA6FF29003FB214 /* LvL-upUITests.xctest */ = {isa = PBXFileReference; explicitFileType = wrapper.cfbundle; includeInIndex = 0; path = "LvL-upUITests.xctest"; sourceTree = BUILT_PRODUCTS_DIR; };
		F844BF332DA6FF29003FB214 /* LvL_upUITests.swift */ = {isa = PBXFileReference; lastKnownFileType = sourcecode.swift; path = LvL_upUITests.swift; sourceTree = "<group>"; };
		F844BF352DA6FF29003FB214 /* LvL_upUITestsLaunchTests.swift */ = {isa = PBXFileReference; lastKnownFileType = sourcecode.swift; path = LvL_upUITestsLaunchTests.swift; sourceTree = "<group>"; };
		F844BF472DA70179003FB214 /* MainLvLView.swift */ = {isa = PBXFileReference; lastKnownFileType = sourcecode.swift; path = MainLvLView.swift; sourceTree = "<group>"; };
		F844BF4D2DA709A4003FB214 /* MainLvLPresenter.swift */ = {isa = PBXFileReference; lastKnownFileType = sourcecode.swift; path = MainLvLPresenter.swift; sourceTree = "<group>"; };
		F844BF4F2DA70A40003FB214 /* LvL.swift */ = {isa = PBXFileReference; lastKnownFileType = sourcecode.swift; path = LvL.swift; sourceTree = "<group>"; };
		F844BF522DA70E62003FB214 /* TaskCell.swift */ = {isa = PBXFileReference; lastKnownFileType = sourcecode.swift; path = TaskCell.swift; sourceTree = "<group>"; };
		F844BF572DA711FE003FB214 /* TasksView.swift */ = {isa = PBXFileReference; lastKnownFileType = sourcecode.swift; path = TasksView.swift; sourceTree = "<group>"; };
		F844BF602DA87D7D003FB214 /* CoreDataManager.swift */ = {isa = PBXFileReference; lastKnownFileType = sourcecode.swift; path = CoreDataManager.swift; sourceTree = "<group>"; };
		F844BF632DA87F33003FB214 /* LvLDataProvider.swift */ = {isa = PBXFileReference; lastKnownFileType = sourcecode.swift; path = LvLDataProvider.swift; sourceTree = "<group>"; };
		F844BF652DA95B60003FB214 /* MainLvLInteractor.swift */ = {isa = PBXFileReference; lastKnownFileType = sourcecode.swift; path = MainLvLInteractor.swift; sourceTree = "<group>"; };
		F844BF682DA9A1DC003FB214 /* MainLvLPresenterTests.swift */ = {isa = PBXFileReference; lastKnownFileType = sourcecode.swift; path = MainLvLPresenterTests.swift; sourceTree = "<group>"; };
		F844BF6A2DA9A2CE003FB214 /* MainLvLInteractorTests.swift */ = {isa = PBXFileReference; lastKnownFileType = sourcecode.swift; path = MainLvLInteractorTests.swift; sourceTree = "<group>"; };
		F844BF6C2DA9A50A003FB214 /* LvLTests.swift */ = {isa = PBXFileReference; lastKnownFileType = sourcecode.swift; path = LvLTests.swift; sourceTree = "<group>"; };
		F844BF6F2DA9A8D5003FB214 /* CoreDataManagerTests.swift */ = {isa = PBXFileReference; lastKnownFileType = sourcecode.swift; path = CoreDataManagerTests.swift; sourceTree = "<group>"; };
		F844BF742DAA896B003FB214 /* TaskDataProvider.swift */ = {isa = PBXFileReference; lastKnownFileType = sourcecode.swift; path = TaskDataProvider.swift; sourceTree = "<group>"; };
		F844BF762DAA8C76003FB214 /* DailyTask.swift */ = {isa = PBXFileReference; lastKnownFileType = sourcecode.swift; path = DailyTask.swift; sourceTree = "<group>"; };
		F844BF782DAA8D02003FB214 /* TaskInteractor.swift */ = {isa = PBXFileReference; lastKnownFileType = sourcecode.swift; path = TaskInteractor.swift; sourceTree = "<group>"; };
		F844BF7A2DAA8F50003FB214 /* TaskPresenter.swift */ = {isa = PBXFileReference; lastKnownFileType = sourcecode.swift; path = TaskPresenter.swift; sourceTree = "<group>"; };
		F844BF802DAC2C99003FB214 /* DailyTaskTests.swift */ = {isa = PBXFileReference; lastKnownFileType = sourcecode.swift; path = DailyTaskTests.swift; sourceTree = "<group>"; };
		F844BF822DAC2CB6003FB214 /* TaskInteractorTests.swift */ = {isa = PBXFileReference; lastKnownFileType = sourcecode.swift; path = TaskInteractorTests.swift; sourceTree = "<group>"; };
		F844BF842DAC2CD7003FB214 /* TaskPresenterTests.swift */ = {isa = PBXFileReference; lastKnownFileType = sourcecode.swift; path = TaskPresenterTests.swift; sourceTree = "<group>"; };
		F844BF872DAC6148003FB214 /* CustomTabBarContainerView.swift */ = {isa = PBXFileReference; lastKnownFileType = sourcecode.swift; path = CustomTabBarContainerView.swift; sourceTree = "<group>"; };
		F844BF892DAC616E003FB214 /* CustomTabBarView.swift */ = {isa = PBXFileReference; lastKnownFileType = sourcecode.swift; path = CustomTabBarView.swift; sourceTree = "<group>"; };
		F844BF8B2DAC6190003FB214 /* TabBarItem.swift */ = {isa = PBXFileReference; lastKnownFileType = sourcecode.swift; path = TabBarItem.swift; sourceTree = "<group>"; };
		F844BF8D2DAC61C3003FB214 /* TabBarItemsPreferenceKey.swift */ = {isa = PBXFileReference; lastKnownFileType = sourcecode.swift; path = TabBarItemsPreferenceKey.swift; sourceTree = "<group>"; };
		F844BF8F2DAC647D003FB214 /* HomeView.swift */ = {isa = PBXFileReference; lastKnownFileType = sourcecode.swift; path = HomeView.swift; sourceTree = "<group>"; };
		F844BF922DAC68AA003FB214 /* Color.swift */ = {isa = PBXFileReference; lastKnownFileType = sourcecode.swift; path = Color.swift; sourceTree = "<group>"; };
		F844BF952DAF0FBA003FB214 /* AllTaskView.swift */ = {isa = PBXFileReference; lastKnownFileType = sourcecode.swift; path = AllTaskView.swift; sourceTree = "<group>"; };
		F844BF972DAF0FF7003FB214 /* AllTaskPresenter.swift */ = {isa = PBXFileReference; lastKnownFileType = sourcecode.swift; path = AllTaskPresenter.swift; sourceTree = "<group>"; };
		F844BF992DAF1480003FB214 /* Info.plist */ = {isa = PBXFileReference; lastKnownFileType = text.plist; path = Info.plist; sourceTree = "<group>"; };
		F844BF9A2DAF1562003FB214 /* TestView.swift */ = {isa = PBXFileReference; lastKnownFileType = sourcecode.swift; path = TestView.swift; sourceTree = "<group>"; };
		F844BF9D2DAF1F0C003FB214 /* AllTaskCell.swift */ = {isa = PBXFileReference; lastKnownFileType = sourcecode.swift; path = AllTaskCell.swift; sourceTree = "<group>"; };
		F844BF9F2DAF1FF9003FB214 /* AllDailyTask.swift */ = {isa = PBXFileReference; lastKnownFileType = sourcecode.swift; path = AllDailyTask.swift; sourceTree = "<group>"; };
		F844BFA32DC2DB43003FB214 /* ChartCell.swift */ = {isa = PBXFileReference; lastKnownFileType = sourcecode.swift; path = ChartCell.swift; sourceTree = "<group>"; };
		F844BFAA2DC2E5E8003FB214 /* PieChartView.swift */ = {isa = PBXFileReference; lastKnownFileType = sourcecode.swift; path = PieChartView.swift; sourceTree = "<group>"; };
		F844BFAC2DC2E608003FB214 /* PieSliceView.swift */ = {isa = PBXFileReference; lastKnownFileType = sourcecode.swift; path = PieSliceView.swift; sourceTree = "<group>"; };
		F844BFAE2DC3A791003FB214 /* ChartsView.swift */ = {isa = PBXFileReference; lastKnownFileType = sourcecode.swift; path = ChartsView.swift; sourceTree = "<group>"; };
		F844BFB02DC3AD56003FB214 /* LegendView.swift */ = {isa = PBXFileReference; lastKnownFileType = sourcecode.swift; path = LegendView.swift; sourceTree = "<group>"; };
		F844BFB22DC3B411003FB214 /* Statistics.swift */ = {isa = PBXFileReference; lastKnownFileType = sourcecode.swift; path = Statistics.swift; sourceTree = "<group>"; };
		F844BFB52DC42266003FB214 /* ChartsPresenter.swift */ = {isa = PBXFileReference; lastKnownFileType = sourcecode.swift; path = ChartsPresenter.swift; sourceTree = "<group>"; };
		F844BFB72DC42279003FB214 /* ChartsInteractor.swift */ = {isa = PBXFileReference; lastKnownFileType = sourcecode.swift; path = ChartsInteractor.swift; sourceTree = "<group>"; };
		F844BFBB2DC422FA003FB214 /* ChartsDataProvider.swift */ = {isa = PBXFileReference; lastKnownFileType = sourcecode.swift; path = ChartsDataProvider.swift; sourceTree = "<group>"; };
		F844BFBD2DC42329003FB214 /* APIManager.swift */ = {isa = PBXFileReference; lastKnownFileType = sourcecode.swift; path = APIManager.swift; sourceTree = "<group>"; };
/* End PBXFileReference section */

/* Begin PBXFrameworksBuildPhase section */
		F844BF0D2DA6FF24003FB214 /* Frameworks */ = {
			isa = PBXFrameworksBuildPhase;
			buildActionMask = 2147483647;
			files = (
				F844BF4C2DA704AF003FB214 /* SwiftfulUI in Frameworks */,
			);
			runOnlyForDeploymentPostprocessing = 0;
		};
		F844BF222DA6FF29003FB214 /* Frameworks */ = {
			isa = PBXFrameworksBuildPhase;
			buildActionMask = 2147483647;
			files = (
				F844BF5D2DA80768003FB214 /* SwiftfulUI in Frameworks */,
			);
			runOnlyForDeploymentPostprocessing = 0;
		};
		F844BF2C2DA6FF29003FB214 /* Frameworks */ = {
			isa = PBXFrameworksBuildPhase;
			buildActionMask = 2147483647;
			files = (
				F844BF5F2DA8076D003FB214 /* SwiftfulUI in Frameworks */,
			);
			runOnlyForDeploymentPostprocessing = 0;
		};
/* End PBXFrameworksBuildPhase section */

/* Begin PBXGroup section */
		F844BF072DA6FF24003FB214 = {
			isa = PBXGroup;
			children = (
				F844BF122DA6FF25003FB214 /* LvL-up */,
				F844BF282DA6FF29003FB214 /* LvL-upTests */,
				F844BF322DA6FF29003FB214 /* LvL-upUITests */,
				F844BF112DA6FF24003FB214 /* Products */,
				F844BF4A2DA704AF003FB214 /* Frameworks */,
			);
			sourceTree = "<group>";
		};
		F844BF112DA6FF24003FB214 /* Products */ = {
			isa = PBXGroup;
			children = (
				F844BF102DA6FF24003FB214 /* LvL-up.app */,
				F844BF252DA6FF29003FB214 /* LvL-upTests.xctest */,
				F844BF2F2DA6FF29003FB214 /* LvL-upUITests.xctest */,
			);
			name = Products;
			sourceTree = "<group>";
		};
		F844BF122DA6FF25003FB214 /* LvL-up */ = {
			isa = PBXGroup;
			children = (
				F844BF992DAF1480003FB214 /* Info.plist */,
				F844BF912DAC6898003FB214 /* Extensions */,
				F844BF592DA712BA003FB214 /* Components */,
				F844BFB92DC422C7003FB214 /* API */,
				F844BF422DA6FF45003FB214 /* CoreData */,
				F844BF432DA6FFDD003FB214 /* Modules */,
				F844BF132DA6FF25003FB214 /* LvL_upApp.swift */,
				F844BF172DA6FF29003FB214 /* Assets.xcassets */,
				F844BF192DA6FF29003FB214 /* Preview Content */,
			);
			path = "LvL-up";
			sourceTree = "<group>";
		};
		F844BF192DA6FF29003FB214 /* Preview Content */ = {
			isa = PBXGroup;
			children = (
				F844BF1A2DA6FF29003FB214 /* Preview Assets.xcassets */,
			);
			path = "Preview Content";
			sourceTree = "<group>";
		};
		F844BF282DA6FF29003FB214 /* LvL-upTests */ = {
			isa = PBXGroup;
			children = (
				F844BF7F2DAC2C71003FB214 /* Tasks */,
				F844BF6E2DA9A838003FB214 /* CoreData */,
				F844BF672DA9A104003FB214 /* MainLvL */,
			);
			path = "LvL-upTests";
			sourceTree = "<group>";
		};
		F844BF322DA6FF29003FB214 /* LvL-upUITests */ = {
			isa = PBXGroup;
			children = (
				F844BF332DA6FF29003FB214 /* LvL_upUITests.swift */,
				F844BF352DA6FF29003FB214 /* LvL_upUITestsLaunchTests.swift */,
			);
			path = "LvL-upUITests";
			sourceTree = "<group>";
		};
		F844BF422DA6FF45003FB214 /* CoreData */ = {
			isa = PBXGroup;
			children = (
				F844BF622DA87EF8003FB214 /* DataProviders */,
				F844BF1C2DA6FF29003FB214 /* Persistence.swift */,
				F844BF602DA87D7D003FB214 /* CoreDataManager.swift */,
				F844BF1E2DA6FF29003FB214 /* LvL_up.xcdatamodeld */,
			);
			path = CoreData;
			sourceTree = "<group>";
		};
		F844BF432DA6FFDD003FB214 /* Modules */ = {
			isa = PBXGroup;
			children = (
				F844BF8F2DAC647D003FB214 /* HomeView.swift */,
				F844BF942DAF0F85003FB214 /* AllTasks */,
				F844BF862DAC6108003FB214 /* CustomTabBar */,
				F844BF562DA711DC003FB214 /* Tasks */,
				F844BF442DA70001003FB214 /* MainLvL */,
				F844BFA22DC2DB03003FB214 /* Charts */,
				F844BF9A2DAF1562003FB214 /* TestView.swift */,
			);
			path = Modules;
			sourceTree = "<group>";
		};
		F844BF442DA70001003FB214 /* MainLvL */ = {
			isa = PBXGroup;
			children = (
				F844BF472DA70179003FB214 /* MainLvLView.swift */,
				F844BF4D2DA709A4003FB214 /* MainLvLPresenter.swift */,
				F844BF652DA95B60003FB214 /* MainLvLInteractor.swift */,
				F844BF4F2DA70A40003FB214 /* LvL.swift */,
			);
			path = MainLvL;
			sourceTree = "<group>";
		};
		F844BF4A2DA704AF003FB214 /* Frameworks */ = {
			isa = PBXGroup;
			children = (
			);
			name = Frameworks;
			sourceTree = "<group>";
		};
		F844BF562DA711DC003FB214 /* Tasks */ = {
			isa = PBXGroup;
			children = (
				F844BF7E2DAC2939003FB214 /* View */,
				F844BF7A2DAA8F50003FB214 /* TaskPresenter.swift */,
				F844BF782DAA8D02003FB214 /* TaskInteractor.swift */,
				F844BF762DAA8C76003FB214 /* DailyTask.swift */,
			);
			path = Tasks;
			sourceTree = "<group>";
		};
		F844BF592DA712BA003FB214 /* Components */ = {
			isa = PBXGroup;
			children = (
			);
			path = Components;
			sourceTree = "<group>";
		};
		F844BF622DA87EF8003FB214 /* DataProviders */ = {
			isa = PBXGroup;
			children = (
				F844BF632DA87F33003FB214 /* LvLDataProvider.swift */,
				F844BF742DAA896B003FB214 /* TaskDataProvider.swift */,
			);
			path = DataProviders;
			sourceTree = "<group>";
		};
		F844BF672DA9A104003FB214 /* MainLvL */ = {
			isa = PBXGroup;
			children = (
				F844BF682DA9A1DC003FB214 /* MainLvLPresenterTests.swift */,
				F844BF6A2DA9A2CE003FB214 /* MainLvLInteractorTests.swift */,
				F844BF6C2DA9A50A003FB214 /* LvLTests.swift */,
			);
			path = MainLvL;
			sourceTree = "<group>";
		};
		F844BF6E2DA9A838003FB214 /* CoreData */ = {
			isa = PBXGroup;
			children = (
				F844BF6F2DA9A8D5003FB214 /* CoreDataManagerTests.swift */,
			);
			path = CoreData;
			sourceTree = "<group>";
		};
		F844BF7E2DAC2939003FB214 /* View */ = {
			isa = PBXGroup;
			children = (
				F844BF572DA711FE003FB214 /* TasksView.swift */,
				F844BF522DA70E62003FB214 /* TaskCell.swift */,
			);
			path = View;
			sourceTree = "<group>";
		};
		F844BF7F2DAC2C71003FB214 /* Tasks */ = {
			isa = PBXGroup;
			children = (
				F844BF802DAC2C99003FB214 /* DailyTaskTests.swift */,
				F844BF822DAC2CB6003FB214 /* TaskInteractorTests.swift */,
				F844BF842DAC2CD7003FB214 /* TaskPresenterTests.swift */,
			);
			path = Tasks;
			sourceTree = "<group>";
		};
		F844BF862DAC6108003FB214 /* CustomTabBar */ = {
			isa = PBXGroup;
			children = (
				F844BF872DAC6148003FB214 /* CustomTabBarContainerView.swift */,
				F844BF892DAC616E003FB214 /* CustomTabBarView.swift */,
				F844BF8B2DAC6190003FB214 /* TabBarItem.swift */,
				F844BF8D2DAC61C3003FB214 /* TabBarItemsPreferenceKey.swift */,
			);
			path = CustomTabBar;
			sourceTree = "<group>";
		};
		F844BF912DAC6898003FB214 /* Extensions */ = {
			isa = PBXGroup;
			children = (
				F844BF922DAC68AA003FB214 /* Color.swift */,
			);
			path = Extensions;
			sourceTree = "<group>";
		};
		F844BF942DAF0F85003FB214 /* AllTasks */ = {
			isa = PBXGroup;
			children = (
				F844BF9C2DAF1EF5003FB214 /* View */,
				F844BF972DAF0FF7003FB214 /* AllTaskPresenter.swift */,
				F844BF9F2DAF1FF9003FB214 /* AllDailyTask.swift */,
			);
			path = AllTasks;
			sourceTree = "<group>";
		};
		F844BF9C2DAF1EF5003FB214 /* View */ = {
			isa = PBXGroup;
			children = (
				F844BF952DAF0FBA003FB214 /* AllTaskView.swift */,
				F844BF9D2DAF1F0C003FB214 /* AllTaskCell.swift */,
			);
			path = View;
			sourceTree = "<group>";
		};
		F844BFA22DC2DB03003FB214 /* Charts */ = {
			isa = PBXGroup;
			children = (
				F844BFB42DC4222B003FB214 /* View */,
				F844BFB52DC42266003FB214 /* ChartsPresenter.swift */,
				F844BFB72DC42279003FB214 /* ChartsInteractor.swift */,
				F844BFB22DC3B411003FB214 /* Statistics.swift */,
			);
			path = Charts;
			sourceTree = "<group>";
		};
		F844BFB42DC4222B003FB214 /* View */ = {
			isa = PBXGroup;
			children = (
				F844BFAE2DC3A791003FB214 /* ChartsView.swift */,
				F844BFA32DC2DB43003FB214 /* ChartCell.swift */,
				F844BFB02DC3AD56003FB214 /* LegendView.swift */,
				F844BFAA2DC2E5E8003FB214 /* PieChartView.swift */,
				F844BFAC2DC2E608003FB214 /* PieSliceView.swift */,
			);
			path = View;
			sourceTree = "<group>";
		};
		F844BFB92DC422C7003FB214 /* API */ = {
			isa = PBXGroup;
			children = (
				F844BFBA2DC422D5003FB214 /* DataProviders */,
				F844BFBD2DC42329003FB214 /* APIManager.swift */,
			);
			path = API;
			sourceTree = "<group>";
		};
		F844BFBA2DC422D5003FB214 /* DataProviders */ = {
			isa = PBXGroup;
			children = (
				F844BFBB2DC422FA003FB214 /* ChartsDataProvider.swift */,
			);
			path = DataProviders;
			sourceTree = "<group>";
		};
/* End PBXGroup section */

/* Begin PBXNativeTarget section */
		F844BF0F2DA6FF24003FB214 /* LvL-up */ = {
			isa = PBXNativeTarget;
			buildConfigurationList = F844BF392DA6FF29003FB214 /* Build configuration list for PBXNativeTarget "LvL-up" */;
			buildPhases = (
				F844BF0C2DA6FF24003FB214 /* Sources */,
				F844BF0D2DA6FF24003FB214 /* Frameworks */,
				F844BF0E2DA6FF24003FB214 /* Resources */,
			);
			buildRules = (
			);
			dependencies = (
			);
			name = "LvL-up";
			packageProductDependencies = (
				F844BF4B2DA704AF003FB214 /* SwiftfulUI */,
			);
			productName = "LvL-up";
			productReference = F844BF102DA6FF24003FB214 /* LvL-up.app */;
			productType = "com.apple.product-type.application";
		};
		F844BF242DA6FF29003FB214 /* LvL-upTests */ = {
			isa = PBXNativeTarget;
			buildConfigurationList = F844BF3C2DA6FF29003FB214 /* Build configuration list for PBXNativeTarget "LvL-upTests" */;
			buildPhases = (
				F844BF212DA6FF29003FB214 /* Sources */,
				F844BF222DA6FF29003FB214 /* Frameworks */,
				F844BF232DA6FF29003FB214 /* Resources */,
			);
			buildRules = (
			);
			dependencies = (
				F844BF272DA6FF29003FB214 /* PBXTargetDependency */,
			);
			name = "LvL-upTests";
			packageProductDependencies = (
				F844BF5C2DA80768003FB214 /* SwiftfulUI */,
			);
			productName = "LvL-upTests";
			productReference = F844BF252DA6FF29003FB214 /* LvL-upTests.xctest */;
			productType = "com.apple.product-type.bundle.unit-test";
		};
		F844BF2E2DA6FF29003FB214 /* LvL-upUITests */ = {
			isa = PBXNativeTarget;
			buildConfigurationList = F844BF3F2DA6FF29003FB214 /* Build configuration list for PBXNativeTarget "LvL-upUITests" */;
			buildPhases = (
				F844BF2B2DA6FF29003FB214 /* Sources */,
				F844BF2C2DA6FF29003FB214 /* Frameworks */,
				F844BF2D2DA6FF29003FB214 /* Resources */,
			);
			buildRules = (
			);
			dependencies = (
				F844BF312DA6FF29003FB214 /* PBXTargetDependency */,
			);
			name = "LvL-upUITests";
			packageProductDependencies = (
				F844BF5E2DA8076D003FB214 /* SwiftfulUI */,
			);
			productName = "LvL-upUITests";
			productReference = F844BF2F2DA6FF29003FB214 /* LvL-upUITests.xctest */;
			productType = "com.apple.product-type.bundle.ui-testing";
		};
/* End PBXNativeTarget section */

/* Begin PBXProject section */
		F844BF082DA6FF24003FB214 /* Project object */ = {
			isa = PBXProject;
			attributes = {
				BuildIndependentTargetsInParallel = 1;
				LastSwiftUpdateCheck = 1540;
				LastUpgradeCheck = 1540;
				TargetAttributes = {
					F844BF0F2DA6FF24003FB214 = {
						CreatedOnToolsVersion = 15.4;
					};
					F844BF242DA6FF29003FB214 = {
						CreatedOnToolsVersion = 15.4;
						TestTargetID = F844BF0F2DA6FF24003FB214;
					};
					F844BF2E2DA6FF29003FB214 = {
						CreatedOnToolsVersion = 15.4;
						TestTargetID = F844BF0F2DA6FF24003FB214;
					};
				};
			};
			buildConfigurationList = F844BF0B2DA6FF24003FB214 /* Build configuration list for PBXProject "LvL-up" */;
			compatibilityVersion = "Xcode 14.0";
			developmentRegion = en;
			hasScannedForEncodings = 0;
			knownRegions = (
				en,
				Base,
			);
			mainGroup = F844BF072DA6FF24003FB214;
			packageReferences = (
				F844BF492DA70254003FB214 /* XCRemoteSwiftPackageReference "SwiftfulUI" */,
			);
			productRefGroup = F844BF112DA6FF24003FB214 /* Products */;
			projectDirPath = "";
			projectRoot = "";
			targets = (
				F844BF0F2DA6FF24003FB214 /* LvL-up */,
				F844BF242DA6FF29003FB214 /* LvL-upTests */,
				F844BF2E2DA6FF29003FB214 /* LvL-upUITests */,
			);
		};
/* End PBXProject section */

/* Begin PBXResourcesBuildPhase section */
		F844BF0E2DA6FF24003FB214 /* Resources */ = {
			isa = PBXResourcesBuildPhase;
			buildActionMask = 2147483647;
			files = (
				F844BF1B2DA6FF29003FB214 /* Preview Assets.xcassets in Resources */,
				F844BF182DA6FF29003FB214 /* Assets.xcassets in Resources */,
			);
			runOnlyForDeploymentPostprocessing = 0;
		};
		F844BF232DA6FF29003FB214 /* Resources */ = {
			isa = PBXResourcesBuildPhase;
			buildActionMask = 2147483647;
			files = (
			);
			runOnlyForDeploymentPostprocessing = 0;
		};
		F844BF2D2DA6FF29003FB214 /* Resources */ = {
			isa = PBXResourcesBuildPhase;
			buildActionMask = 2147483647;
			files = (
			);
			runOnlyForDeploymentPostprocessing = 0;
		};
/* End PBXResourcesBuildPhase section */

/* Begin PBXSourcesBuildPhase section */
		F844BF0C2DA6FF24003FB214 /* Sources */ = {
			isa = PBXSourcesBuildPhase;
			buildActionMask = 2147483647;
			files = (
				F844BFAB2DC2E5E8003FB214 /* PieChartView.swift in Sources */,
				F844BF1D2DA6FF29003FB214 /* Persistence.swift in Sources */,
				F844BF752DAA896B003FB214 /* TaskDataProvider.swift in Sources */,
				F844BF932DAC68AA003FB214 /* Color.swift in Sources */,
				F844BFBC2DC422FA003FB214 /* ChartsDataProvider.swift in Sources */,
				F844BF642DA87F33003FB214 /* LvLDataProvider.swift in Sources */,
				F844BF7B2DAA8F50003FB214 /* TaskPresenter.swift in Sources */,
				F844BF8A2DAC616E003FB214 /* CustomTabBarView.swift in Sources */,
				F844BF582DA711FE003FB214 /* TasksView.swift in Sources */,
				F844BF962DAF0FBA003FB214 /* AllTaskView.swift in Sources */,
				F844BF982DAF0FF7003FB214 /* AllTaskPresenter.swift in Sources */,
				F844BF482DA70179003FB214 /* MainLvLView.swift in Sources */,
				F844BFBE2DC42329003FB214 /* APIManager.swift in Sources */,
				F844BF202DA6FF29003FB214 /* LvL_up.xcdatamodeld in Sources */,
				F844BF772DAA8C76003FB214 /* DailyTask.swift in Sources */,
				F844BFA42DC2DB43003FB214 /* ChartCell.swift in Sources */,
				F844BF9B2DAF1562003FB214 /* TestView.swift in Sources */,
				F844BF532DA70E62003FB214 /* TaskCell.swift in Sources */,
				F844BFB12DC3AD56003FB214 /* LegendView.swift in Sources */,
				F844BFA02DAF1FFA003FB214 /* AllDailyTask.swift in Sources */,
				F844BFAF2DC3A791003FB214 /* ChartsView.swift in Sources */,
				F844BF4E2DA709A4003FB214 /* MainLvLPresenter.swift in Sources */,
				F844BFAD2DC2E608003FB214 /* PieSliceView.swift in Sources */,
				F844BF662DA95B60003FB214 /* MainLvLInteractor.swift in Sources */,
				F844BFB32DC3B411003FB214 /* Statistics.swift in Sources */,
				F844BFB82DC42279003FB214 /* ChartsInteractor.swift in Sources */,
				F844BF8C2DAC6190003FB214 /* TabBarItem.swift in Sources */,
				F844BF902DAC647D003FB214 /* HomeView.swift in Sources */,
				F844BF142DA6FF25003FB214 /* LvL_upApp.swift in Sources */,
				F844BF612DA87D7D003FB214 /* CoreDataManager.swift in Sources */,
				F844BF502DA70A40003FB214 /* LvL.swift in Sources */,
				F844BF8E2DAC61C3003FB214 /* TabBarItemsPreferenceKey.swift in Sources */,
				F844BF9E2DAF1F0C003FB214 /* AllTaskCell.swift in Sources */,
				F844BF792DAA8D02003FB214 /* TaskInteractor.swift in Sources */,
				F844BF882DAC6148003FB214 /* CustomTabBarContainerView.swift in Sources */,
				F844BFB62DC42266003FB214 /* ChartsPresenter.swift in Sources */,
			);
			runOnlyForDeploymentPostprocessing = 0;
		};
		F844BF212DA6FF29003FB214 /* Sources */ = {
			isa = PBXSourcesBuildPhase;
			buildActionMask = 2147483647;
			files = (
				F844BF6B2DA9A2CE003FB214 /* MainLvLInteractorTests.swift in Sources */,
				F844BF852DAC2CD7003FB214 /* TaskPresenterTests.swift in Sources */,
				F844BF692DA9A1DC003FB214 /* MainLvLPresenterTests.swift in Sources */,
				F844BF812DAC2C99003FB214 /* DailyTaskTests.swift in Sources */,
				F844BF6D2DA9A50A003FB214 /* LvLTests.swift in Sources */,
				F844BF702DA9A8D5003FB214 /* CoreDataManagerTests.swift in Sources */,
				F844BF832DAC2CB6003FB214 /* TaskInteractorTests.swift in Sources */,
			);
			runOnlyForDeploymentPostprocessing = 0;
		};
		F844BF2B2DA6FF29003FB214 /* Sources */ = {
			isa = PBXSourcesBuildPhase;
			buildActionMask = 2147483647;
			files = (
				F844BF362DA6FF29003FB214 /* LvL_upUITestsLaunchTests.swift in Sources */,
				F844BF342DA6FF29003FB214 /* LvL_upUITests.swift in Sources */,
			);
			runOnlyForDeploymentPostprocessing = 0;
		};
/* End PBXSourcesBuildPhase section */

/* Begin PBXTargetDependency section */
		F844BF272DA6FF29003FB214 /* PBXTargetDependency */ = {
			isa = PBXTargetDependency;
			target = F844BF0F2DA6FF24003FB214 /* LvL-up */;
			targetProxy = F844BF262DA6FF29003FB214 /* PBXContainerItemProxy */;
		};
		F844BF312DA6FF29003FB214 /* PBXTargetDependency */ = {
			isa = PBXTargetDependency;
			target = F844BF0F2DA6FF24003FB214 /* LvL-up */;
			targetProxy = F844BF302DA6FF29003FB214 /* PBXContainerItemProxy */;
		};
/* End PBXTargetDependency section */

/* Begin XCBuildConfiguration section */
		F844BF372DA6FF29003FB214 /* Debug */ = {
			isa = XCBuildConfiguration;
			buildSettings = {
				ALWAYS_SEARCH_USER_PATHS = NO;
				ASSETCATALOG_COMPILER_GENERATE_SWIFT_ASSET_SYMBOL_EXTENSIONS = YES;
				CLANG_ANALYZER_NONNULL = YES;
				CLANG_ANALYZER_NUMBER_OBJECT_CONVERSION = YES_AGGRESSIVE;
				CLANG_CXX_LANGUAGE_STANDARD = "gnu++20";
				CLANG_ENABLE_MODULES = YES;
				CLANG_ENABLE_OBJC_ARC = YES;
				CLANG_ENABLE_OBJC_WEAK = YES;
				CLANG_WARN_BLOCK_CAPTURE_AUTORELEASING = YES;
				CLANG_WARN_BOOL_CONVERSION = YES;
				CLANG_WARN_COMMA = YES;
				CLANG_WARN_CONSTANT_CONVERSION = YES;
				CLANG_WARN_DEPRECATED_OBJC_IMPLEMENTATIONS = YES;
				CLANG_WARN_DIRECT_OBJC_ISA_USAGE = YES_ERROR;
				CLANG_WARN_DOCUMENTATION_COMMENTS = YES;
				CLANG_WARN_EMPTY_BODY = YES;
				CLANG_WARN_ENUM_CONVERSION = YES;
				CLANG_WARN_INFINITE_RECURSION = YES;
				CLANG_WARN_INT_CONVERSION = YES;
				CLANG_WARN_NON_LITERAL_NULL_CONVERSION = YES;
				CLANG_WARN_OBJC_IMPLICIT_RETAIN_SELF = YES;
				CLANG_WARN_OBJC_LITERAL_CONVERSION = YES;
				CLANG_WARN_OBJC_ROOT_CLASS = YES_ERROR;
				CLANG_WARN_QUOTED_INCLUDE_IN_FRAMEWORK_HEADER = YES;
				CLANG_WARN_RANGE_LOOP_ANALYSIS = YES;
				CLANG_WARN_STRICT_PROTOTYPES = YES;
				CLANG_WARN_SUSPICIOUS_MOVE = YES;
				CLANG_WARN_UNGUARDED_AVAILABILITY = YES_AGGRESSIVE;
				CLANG_WARN_UNREACHABLE_CODE = YES;
				CLANG_WARN__DUPLICATE_METHOD_MATCH = YES;
				COPY_PHASE_STRIP = NO;
				DEBUG_INFORMATION_FORMAT = dwarf;
				ENABLE_STRICT_OBJC_MSGSEND = YES;
				ENABLE_TESTABILITY = YES;
				ENABLE_USER_SCRIPT_SANDBOXING = YES;
				GCC_C_LANGUAGE_STANDARD = gnu17;
				GCC_DYNAMIC_NO_PIC = NO;
				GCC_NO_COMMON_BLOCKS = YES;
				GCC_OPTIMIZATION_LEVEL = 0;
				GCC_PREPROCESSOR_DEFINITIONS = (
					"DEBUG=1",
					"$(inherited)",
				);
				GCC_WARN_64_TO_32_BIT_CONVERSION = YES;
				GCC_WARN_ABOUT_RETURN_TYPE = YES_ERROR;
				GCC_WARN_UNDECLARED_SELECTOR = YES;
				GCC_WARN_UNINITIALIZED_AUTOS = YES_AGGRESSIVE;
				GCC_WARN_UNUSED_FUNCTION = YES;
				GCC_WARN_UNUSED_VARIABLE = YES;
				IPHONEOS_DEPLOYMENT_TARGET = 17.0;
				LOCALIZATION_PREFERS_STRING_CATALOGS = YES;
				MTL_ENABLE_DEBUG_INFO = INCLUDE_SOURCE;
				MTL_FAST_MATH = YES;
				ONLY_ACTIVE_ARCH = YES;
				SDKROOT = iphoneos;
				SWIFT_ACTIVE_COMPILATION_CONDITIONS = "DEBUG $(inherited)";
				SWIFT_OPTIMIZATION_LEVEL = "-Onone";
			};
			name = Debug;
		};
		F844BF382DA6FF29003FB214 /* Release */ = {
			isa = XCBuildConfiguration;
			buildSettings = {
				ALWAYS_SEARCH_USER_PATHS = NO;
				ASSETCATALOG_COMPILER_GENERATE_SWIFT_ASSET_SYMBOL_EXTENSIONS = YES;
				CLANG_ANALYZER_NONNULL = YES;
				CLANG_ANALYZER_NUMBER_OBJECT_CONVERSION = YES_AGGRESSIVE;
				CLANG_CXX_LANGUAGE_STANDARD = "gnu++20";
				CLANG_ENABLE_MODULES = YES;
				CLANG_ENABLE_OBJC_ARC = YES;
				CLANG_ENABLE_OBJC_WEAK = YES;
				CLANG_WARN_BLOCK_CAPTURE_AUTORELEASING = YES;
				CLANG_WARN_BOOL_CONVERSION = YES;
				CLANG_WARN_COMMA = YES;
				CLANG_WARN_CONSTANT_CONVERSION = YES;
				CLANG_WARN_DEPRECATED_OBJC_IMPLEMENTATIONS = YES;
				CLANG_WARN_DIRECT_OBJC_ISA_USAGE = YES_ERROR;
				CLANG_WARN_DOCUMENTATION_COMMENTS = YES;
				CLANG_WARN_EMPTY_BODY = YES;
				CLANG_WARN_ENUM_CONVERSION = YES;
				CLANG_WARN_INFINITE_RECURSION = YES;
				CLANG_WARN_INT_CONVERSION = YES;
				CLANG_WARN_NON_LITERAL_NULL_CONVERSION = YES;
				CLANG_WARN_OBJC_IMPLICIT_RETAIN_SELF = YES;
				CLANG_WARN_OBJC_LITERAL_CONVERSION = YES;
				CLANG_WARN_OBJC_ROOT_CLASS = YES_ERROR;
				CLANG_WARN_QUOTED_INCLUDE_IN_FRAMEWORK_HEADER = YES;
				CLANG_WARN_RANGE_LOOP_ANALYSIS = YES;
				CLANG_WARN_STRICT_PROTOTYPES = YES;
				CLANG_WARN_SUSPICIOUS_MOVE = YES;
				CLANG_WARN_UNGUARDED_AVAILABILITY = YES_AGGRESSIVE;
				CLANG_WARN_UNREACHABLE_CODE = YES;
				CLANG_WARN__DUPLICATE_METHOD_MATCH = YES;
				COPY_PHASE_STRIP = NO;
				DEBUG_INFORMATION_FORMAT = "dwarf-with-dsym";
				ENABLE_NS_ASSERTIONS = NO;
				ENABLE_STRICT_OBJC_MSGSEND = YES;
				ENABLE_USER_SCRIPT_SANDBOXING = YES;
				GCC_C_LANGUAGE_STANDARD = gnu17;
				GCC_NO_COMMON_BLOCKS = YES;
				GCC_WARN_64_TO_32_BIT_CONVERSION = YES;
				GCC_WARN_ABOUT_RETURN_TYPE = YES_ERROR;
				GCC_WARN_UNDECLARED_SELECTOR = YES;
				GCC_WARN_UNINITIALIZED_AUTOS = YES_AGGRESSIVE;
				GCC_WARN_UNUSED_FUNCTION = YES;
				GCC_WARN_UNUSED_VARIABLE = YES;
				IPHONEOS_DEPLOYMENT_TARGET = 17.0;
				LOCALIZATION_PREFERS_STRING_CATALOGS = YES;
				MTL_ENABLE_DEBUG_INFO = NO;
				MTL_FAST_MATH = YES;
				SDKROOT = iphoneos;
				SWIFT_COMPILATION_MODE = wholemodule;
				VALIDATE_PRODUCT = YES;
			};
			name = Release;
		};
		F844BF3A2DA6FF29003FB214 /* Debug */ = {
			isa = XCBuildConfiguration;
			buildSettings = {
				ASSETCATALOG_COMPILER_APPICON_NAME = AppIcon;
				ASSETCATALOG_COMPILER_GLOBAL_ACCENT_COLOR_NAME = AccentColor;
				CODE_SIGN_STYLE = Automatic;
				CURRENT_PROJECT_VERSION = 1;
				DEVELOPMENT_ASSET_PATHS = "\"LvL-up/Preview Content\"";
				DEVELOPMENT_TEAM = GLVZ4657KM;
				ENABLE_PREVIEWS = YES;
				EXCLUDED_ARCHS = "";
				GENERATE_INFOPLIST_FILE = YES;
				INFOPLIST_FILE = "LvL-up/Info.plist";
				INFOPLIST_KEY_UIApplicationSceneManifest_Generation = YES;
				INFOPLIST_KEY_UIApplicationSupportsIndirectInputEvents = YES;
				INFOPLIST_KEY_UILaunchScreen_Generation = YES;
				INFOPLIST_KEY_UISupportedInterfaceOrientations_iPad = "UIInterfaceOrientationPortrait UIInterfaceOrientationPortraitUpsideDown UIInterfaceOrientationLandscapeLeft UIInterfaceOrientationLandscapeRight";
				INFOPLIST_KEY_UISupportedInterfaceOrientations_iPhone = "UIInterfaceOrientationPortrait UIInterfaceOrientationLandscapeLeft UIInterfaceOrientationLandscapeRight";
				IPHONEOS_DEPLOYMENT_TARGET = 16.0;
				LD_RUNPATH_SEARCH_PATHS = (
					"$(inherited)",
					"@executable_path/Frameworks",
				);
				MACOSX_DEPLOYMENT_TARGET = 14.1;
				MARKETING_VERSION = 1.0;
				PRODUCT_BUNDLE_IDENTIFIER = "com.gregfields.LvL-up";
				PRODUCT_NAME = "$(TARGET_NAME)";
				SWIFT_EMIT_LOC_STRINGS = YES;
				SWIFT_VERSION = 5.0;
				TARGETED_DEVICE_FAMILY = "1,2";
			};
			name = Debug;
		};
		F844BF3B2DA6FF29003FB214 /* Release */ = {
			isa = XCBuildConfiguration;
			buildSettings = {
				ASSETCATALOG_COMPILER_APPICON_NAME = AppIcon;
				ASSETCATALOG_COMPILER_GLOBAL_ACCENT_COLOR_NAME = AccentColor;
				CODE_SIGN_STYLE = Automatic;
				CURRENT_PROJECT_VERSION = 1;
				DEVELOPMENT_ASSET_PATHS = "\"LvL-up/Preview Content\"";
				DEVELOPMENT_TEAM = GLVZ4657KM;
				ENABLE_PREVIEWS = YES;
				EXCLUDED_ARCHS = "";
				GENERATE_INFOPLIST_FILE = YES;
				INFOPLIST_FILE = "LvL-up/Info.plist";
				INFOPLIST_KEY_UIApplicationSceneManifest_Generation = YES;
				INFOPLIST_KEY_UIApplicationSupportsIndirectInputEvents = YES;
				INFOPLIST_KEY_UILaunchScreen_Generation = YES;
				INFOPLIST_KEY_UISupportedInterfaceOrientations_iPad = "UIInterfaceOrientationPortrait UIInterfaceOrientationPortraitUpsideDown UIInterfaceOrientationLandscapeLeft UIInterfaceOrientationLandscapeRight";
				INFOPLIST_KEY_UISupportedInterfaceOrientations_iPhone = "UIInterfaceOrientationPortrait UIInterfaceOrientationLandscapeLeft UIInterfaceOrientationLandscapeRight";
				IPHONEOS_DEPLOYMENT_TARGET = 16.0;
				LD_RUNPATH_SEARCH_PATHS = (
					"$(inherited)",
					"@executable_path/Frameworks",
				);
				MACOSX_DEPLOYMENT_TARGET = 14.1;
				MARKETING_VERSION = 1.0;
				PRODUCT_BUNDLE_IDENTIFIER = "com.gregfields.LvL-up";
				PRODUCT_NAME = "$(TARGET_NAME)";
				SWIFT_EMIT_LOC_STRINGS = YES;
				SWIFT_VERSION = 5.0;
				TARGETED_DEVICE_FAMILY = "1,2";
			};
			name = Release;
		};
		F844BF3D2DA6FF29003FB214 /* Debug */ = {
			isa = XCBuildConfiguration;
			buildSettings = {
				ALWAYS_EMBED_SWIFT_STANDARD_LIBRARIES = YES;
				BUNDLE_LOADER = "$(TEST_HOST)";
				CODE_SIGN_STYLE = Automatic;
				CURRENT_PROJECT_VERSION = 1;
				DEVELOPMENT_TEAM = GLVZ4657KM;
				GENERATE_INFOPLIST_FILE = YES;
				IPHONEOS_DEPLOYMENT_TARGET = 17.0;
				MACOSX_DEPLOYMENT_TARGET = 14.1;
				MARKETING_VERSION = 1.0;
				PRODUCT_BUNDLE_IDENTIFIER = "com.gregfields.LvL-upTests";
				PRODUCT_NAME = "$(TARGET_NAME)";
				SWIFT_EMIT_LOC_STRINGS = NO;
				SWIFT_VERSION = 5.0;
				TARGETED_DEVICE_FAMILY = "1,2";
				TEST_HOST = "$(BUILT_PRODUCTS_DIR)/LvL-up.app/$(BUNDLE_EXECUTABLE_FOLDER_PATH)/LvL-up";
			};
			name = Debug;
		};
		F844BF3E2DA6FF29003FB214 /* Release */ = {
			isa = XCBuildConfiguration;
			buildSettings = {
				ALWAYS_EMBED_SWIFT_STANDARD_LIBRARIES = YES;
				BUNDLE_LOADER = "$(TEST_HOST)";
				CODE_SIGN_STYLE = Automatic;
				CURRENT_PROJECT_VERSION = 1;
				DEVELOPMENT_TEAM = GLVZ4657KM;
				GENERATE_INFOPLIST_FILE = YES;
				IPHONEOS_DEPLOYMENT_TARGET = 17.0;
				MACOSX_DEPLOYMENT_TARGET = 14.1;
				MARKETING_VERSION = 1.0;
				PRODUCT_BUNDLE_IDENTIFIER = "com.gregfields.LvL-upTests";
				PRODUCT_NAME = "$(TARGET_NAME)";
				SWIFT_EMIT_LOC_STRINGS = NO;
				SWIFT_VERSION = 5.0;
				TARGETED_DEVICE_FAMILY = "1,2";
				TEST_HOST = "$(BUILT_PRODUCTS_DIR)/LvL-up.app/$(BUNDLE_EXECUTABLE_FOLDER_PATH)/LvL-up";
			};
			name = Release;
		};
		F844BF402DA6FF29003FB214 /* Debug */ = {
			isa = XCBuildConfiguration;
			buildSettings = {
				ALWAYS_EMBED_SWIFT_STANDARD_LIBRARIES = YES;
				CODE_SIGN_STYLE = Automatic;
				CURRENT_PROJECT_VERSION = 1;
				DEVELOPMENT_TEAM = GLVZ4657KM;
				GENERATE_INFOPLIST_FILE = YES;
				MACOSX_DEPLOYMENT_TARGET = 14.1;
				MARKETING_VERSION = 1.0;
				PRODUCT_BUNDLE_IDENTIFIER = "com.gregfields.LvL-upUITests";
				PRODUCT_NAME = "$(TARGET_NAME)";
				SWIFT_EMIT_LOC_STRINGS = NO;
				SWIFT_VERSION = 5.0;
				TARGETED_DEVICE_FAMILY = "1,2";
				TEST_TARGET_NAME = "LvL-up";
			};
			name = Debug;
		};
		F844BF412DA6FF29003FB214 /* Release */ = {
			isa = XCBuildConfiguration;
			buildSettings = {
				ALWAYS_EMBED_SWIFT_STANDARD_LIBRARIES = YES;
				CODE_SIGN_STYLE = Automatic;
				CURRENT_PROJECT_VERSION = 1;
				DEVELOPMENT_TEAM = GLVZ4657KM;
				GENERATE_INFOPLIST_FILE = YES;
				MACOSX_DEPLOYMENT_TARGET = 14.1;
				MARKETING_VERSION = 1.0;
				PRODUCT_BUNDLE_IDENTIFIER = "com.gregfields.LvL-upUITests";
				PRODUCT_NAME = "$(TARGET_NAME)";
				SWIFT_EMIT_LOC_STRINGS = NO;
				SWIFT_VERSION = 5.0;
				TARGETED_DEVICE_FAMILY = "1,2";
				TEST_TARGET_NAME = "LvL-up";
			};
			name = Release;
		};
/* End XCBuildConfiguration section */

/* Begin XCConfigurationList section */
		F844BF0B2DA6FF24003FB214 /* Build configuration list for PBXProject "LvL-up" */ = {
			isa = XCConfigurationList;
			buildConfigurations = (
				F844BF372DA6FF29003FB214 /* Debug */,
				F844BF382DA6FF29003FB214 /* Release */,
			);
			defaultConfigurationIsVisible = 0;
			defaultConfigurationName = Release;
		};
		F844BF392DA6FF29003FB214 /* Build configuration list for PBXNativeTarget "LvL-up" */ = {
			isa = XCConfigurationList;
			buildConfigurations = (
				F844BF3A2DA6FF29003FB214 /* Debug */,
				F844BF3B2DA6FF29003FB214 /* Release */,
			);
			defaultConfigurationIsVisible = 0;
			defaultConfigurationName = Release;
		};
		F844BF3C2DA6FF29003FB214 /* Build configuration list for PBXNativeTarget "LvL-upTests" */ = {
			isa = XCConfigurationList;
			buildConfigurations = (
				F844BF3D2DA6FF29003FB214 /* Debug */,
				F844BF3E2DA6FF29003FB214 /* Release */,
			);
			defaultConfigurationIsVisible = 0;
			defaultConfigurationName = Release;
		};
		F844BF3F2DA6FF29003FB214 /* Build configuration list for PBXNativeTarget "LvL-upUITests" */ = {
			isa = XCConfigurationList;
			buildConfigurations = (
				F844BF402DA6FF29003FB214 /* Debug */,
				F844BF412DA6FF29003FB214 /* Release */,
			);
			defaultConfigurationIsVisible = 0;
			defaultConfigurationName = Release;
		};
/* End XCConfigurationList section */

/* Begin XCRemoteSwiftPackageReference section */
		F844BF492DA70254003FB214 /* XCRemoteSwiftPackageReference "SwiftfulUI" */ = {
			isa = XCRemoteSwiftPackageReference;
			repositoryURL = "https://github.com/SwiftfulThinking/SwiftfulUI.git";
			requirement = {
				kind = upToNextMajorVersion;
				minimumVersion = 1.2.0;
			};
		};
/* End XCRemoteSwiftPackageReference section */

/* Begin XCSwiftPackageProductDependency section */
		F844BF4B2DA704AF003FB214 /* SwiftfulUI */ = {
			isa = XCSwiftPackageProductDependency;
			package = F844BF492DA70254003FB214 /* XCRemoteSwiftPackageReference "SwiftfulUI" */;
			productName = SwiftfulUI;
		};
		F844BF5C2DA80768003FB214 /* SwiftfulUI */ = {
			isa = XCSwiftPackageProductDependency;
			package = F844BF492DA70254003FB214 /* XCRemoteSwiftPackageReference "SwiftfulUI" */;
			productName = SwiftfulUI;
		};
		F844BF5E2DA8076D003FB214 /* SwiftfulUI */ = {
			isa = XCSwiftPackageProductDependency;
			package = F844BF492DA70254003FB214 /* XCRemoteSwiftPackageReference "SwiftfulUI" */;
			productName = SwiftfulUI;
		};
/* End XCSwiftPackageProductDependency section */

/* Begin XCVersionGroup section */
		F844BF1E2DA6FF29003FB214 /* LvL_up.xcdatamodeld */ = {
			isa = XCVersionGroup;
			children = (
				F844BF1F2DA6FF29003FB214 /* LvL_up.xcdatamodel */,
			);
			currentVersion = F844BF1F2DA6FF29003FB214 /* LvL_up.xcdatamodel */;
			path = LvL_up.xcdatamodeld;
			sourceTree = "<group>";
			versionGroupType = wrapper.xcdatamodel;
		};
/* End XCVersionGroup section */
	};
	rootObject = F844BF082DA6FF24003FB214 /* Project object */;
}
